
Microsoft Visual Studio Solution File, Format Version 12.00
# Visual Studio Version 16
VisualStudioVersion = 16.0.30804.86
MinimumVisualStudioVersion = 10.0.40219.1
Project("{FAE04EC0-301F-11D3-BF4B-00C04F79EFBC}") = "MuseumProject", "MuseumProject.csproj", "{83B91E95-CE1F-48C1-B99E-077E3C8A7440}"
EndProject
Global
	GlobalSection(SolutionConfigurationPlatforms) = preSolution
		Debug|Any CPU = Debug|Any CPU
		Release|Any CPU = Release|Any CPU
	EndGlobalSection
	GlobalSection(ProjectConfigurationPlatforms) = postSolution
		{83B91E95-CE1F-48C1-B99E-077E3C8A7440}.Debug|Any CPU.ActiveCfg = Debug|Any CPU
		{83B91E95-CE1F-48C1-B99E-077E3C8A7440}.Debug|Any CPU.Build.0 = Debug|Any CPU
		{83B91E95-CE1F-48C1-B99E-077E3C8A7440}.Release|Any CPU.ActiveCfg = Release|Any CPU
		{83B91E95-CE1F-48C1-B99E-077E3C8A7440}.Release|Any CPU.Build.0 = Release|Any CPU
	EndGlobalSection
	GlobalSection(SolutionProperties) = preSolution
		HideSolutionNode = FALSE
	EndGlobalSection
	GlobalSection(ExtensibilityGlobals) = postSolution
		SolutionGuid = {18E1CF10-B87B-4C8A-8685-BBFAF370C82C}
	EndGlobalSection
EndGlobal
